// !$*UTF8*$!
{
	archiveVersion = 1;
	classes = {
	};
	objectVersion = 48;
	objects = {

/* Begin PBXBuildFile section */
		350494BC20436B2A0065F5AB /* AppDelegate.swift in Sources */ = {isa = PBXBuildFile; fileRef = 350494BB20436B2A0065F5AB /* AppDelegate.swift */; };
		350494C120436B2A0065F5AB /* Main.storyboard in Resources */ = {isa = PBXBuildFile; fileRef = 350494BF20436B2A0065F5AB /* Main.storyboard */; };
		350494C420436B2A0065F5AB /* GitUp.xcdatamodeld in Sources */ = {isa = PBXBuildFile; fileRef = 350494C220436B2A0065F5AB /* GitUp.xcdatamodeld */; };
		350494C620436B2A0065F5AB /* Assets.xcassets in Resources */ = {isa = PBXBuildFile; fileRef = 350494C520436B2A0065F5AB /* Assets.xcassets */; };
		350494C920436B2A0065F5AB /* LaunchScreen.storyboard in Resources */ = {isa = PBXBuildFile; fileRef = 350494C720436B2A0065F5AB /* LaunchScreen.storyboard */; };
		3524DB3320479909008944CD /* AddUserViewController.swift in Sources */ = {isa = PBXBuildFile; fileRef = 3524DB3220479909008944CD /* AddUserViewController.swift */; };
		3524DB352047A05C008944CD /* UserTableViewCell.swift in Sources */ = {isa = PBXBuildFile; fileRef = 3524DB342047A05C008944CD /* UserTableViewCell.swift */; };
		35565141204B7F4C00C4C180 /* MainViewController.swift in Sources */ = {isa = PBXBuildFile; fileRef = 35565140204B7F4C00C4C180 /* MainViewController.swift */; };
		35A7B60D20452D010088406E /* SearchUserRequest.swift in Sources */ = {isa = PBXBuildFile; fileRef = 35A7B60C20452D010088406E /* SearchUserRequest.swift */; };
		35A7B6112045352A0088406E /* Utility.swift in Sources */ = {isa = PBXBuildFile; fileRef = 35A7B6102045352A0088406E /* Utility.swift */; };
		35A7B6132045381B0088406E /* GitHubUser.swift in Sources */ = {isa = PBXBuildFile; fileRef = 35A7B6122045381B0088406E /* GitHubUser.swift */; };
		35A8F769204B548E00C73745 /* FollowedUserCache.swift in Sources */ = {isa = PBXBuildFile; fileRef = 35A8F768204B548E00C73745 /* FollowedUserCache.swift */; };
		35ED6F8D204C990500348576 /* UserProfileController.swift in Sources */ = {isa = PBXBuildFile; fileRef = 35ED6F8C204C990500348576 /* UserProfileController.swift */; };
		56A9142E4377661BCBF987D6 /* Pods_GitUp.framework in Frameworks */ = {isa = PBXBuildFile; fileRef = 5AEAA2A39FA0DAA8C685D39D /* Pods_GitUp.framework */; };
/* End PBXBuildFile section */

/* Begin PBXFileReference section */
		2465426481502E47DDE47645 /* Pods-GitUp.debug.xcconfig */ = {isa = PBXFileReference; includeInIndex = 1; lastKnownFileType = text.xcconfig; name = "Pods-GitUp.debug.xcconfig"; path = "Pods/Target Support Files/Pods-GitUp/Pods-GitUp.debug.xcconfig"; sourceTree = "<group>"; };
		350494B820436B2A0065F5AB /* GitUp.app */ = {isa = PBXFileReference; explicitFileType = wrapper.application; includeInIndex = 0; path = GitUp.app; sourceTree = BUILT_PRODUCTS_DIR; };
		350494BB20436B2A0065F5AB /* AppDelegate.swift */ = {isa = PBXFileReference; lastKnownFileType = sourcecode.swift; path = AppDelegate.swift; sourceTree = "<group>"; };
		350494C020436B2A0065F5AB /* Base */ = {isa = PBXFileReference; lastKnownFileType = file.storyboard; name = Base; path = Base.lproj/Main.storyboard; sourceTree = "<group>"; };
		350494C320436B2A0065F5AB /* GitUp.xcdatamodel */ = {isa = PBXFileReference; lastKnownFileType = wrapper.xcdatamodel; path = GitUp.xcdatamodel; sourceTree = "<group>"; };
		350494C520436B2A0065F5AB /* Assets.xcassets */ = {isa = PBXFileReference; lastKnownFileType = folder.assetcatalog; path = Assets.xcassets; sourceTree = "<group>"; };
		350494C820436B2A0065F5AB /* Base */ = {isa = PBXFileReference; lastKnownFileType = file.storyboard; name = Base; path = Base.lproj/LaunchScreen.storyboard; sourceTree = "<group>"; };
		350494CA20436B2A0065F5AB /* Info.plist */ = {isa = PBXFileReference; lastKnownFileType = text.plist.xml; path = Info.plist; sourceTree = "<group>"; };
		3524DB3220479909008944CD /* AddUserViewController.swift */ = {isa = PBXFileReference; lastKnownFileType = sourcecode.swift; path = AddUserViewController.swift; sourceTree = "<group>"; };
		3524DB342047A05C008944CD /* UserTableViewCell.swift */ = {isa = PBXFileReference; lastKnownFileType = sourcecode.swift; path = UserTableViewCell.swift; sourceTree = "<group>"; };
		35565140204B7F4C00C4C180 /* MainViewController.swift */ = {isa = PBXFileReference; lastKnownFileType = sourcecode.swift; path = MainViewController.swift; sourceTree = "<group>"; };
		35A7B60C20452D010088406E /* SearchUserRequest.swift */ = {isa = PBXFileReference; lastKnownFileType = sourcecode.swift; path = SearchUserRequest.swift; sourceTree = "<group>"; };
		35A7B6102045352A0088406E /* Utility.swift */ = {isa = PBXFileReference; lastKnownFileType = sourcecode.swift; path = Utility.swift; sourceTree = "<group>"; };
		35A7B6122045381B0088406E /* GitHubUser.swift */ = {isa = PBXFileReference; lastKnownFileType = sourcecode.swift; path = GitHubUser.swift; sourceTree = "<group>"; };
		35A8F768204B548E00C73745 /* FollowedUserCache.swift */ = {isa = PBXFileReference; lastKnownFileType = sourcecode.swift; path = FollowedUserCache.swift; sourceTree = "<group>"; };
		35ED6F8C204C990500348576 /* UserProfileController.swift */ = {isa = PBXFileReference; lastKnownFileType = sourcecode.swift; path = UserProfileController.swift; sourceTree = "<group>"; };
		5AEAA2A39FA0DAA8C685D39D /* Pods_GitUp.framework */ = {isa = PBXFileReference; explicitFileType = wrapper.framework; includeInIndex = 0; path = Pods_GitUp.framework; sourceTree = BUILT_PRODUCTS_DIR; };
		69DD8738B1A0CBE0B9BA55C4 /* Pods-GitUp.release.xcconfig */ = {isa = PBXFileReference; includeInIndex = 1; lastKnownFileType = text.xcconfig; name = "Pods-GitUp.release.xcconfig"; path = "Pods/Target Support Files/Pods-GitUp/Pods-GitUp.release.xcconfig"; sourceTree = "<group>"; };
/* End PBXFileReference section */

/* Begin PBXFrameworksBuildPhase section */
		350494B520436B2A0065F5AB /* Frameworks */ = {
			isa = PBXFrameworksBuildPhase;
			buildActionMask = 2147483647;
			files = (
				56A9142E4377661BCBF987D6 /* Pods_GitUp.framework in Frameworks */,
			);
			runOnlyForDeploymentPostprocessing = 0;
		};
/* End PBXFrameworksBuildPhase section */

/* Begin PBXGroup section */
		350494AF20436B2A0065F5AB = {
			isa = PBXGroup;
			children = (
				350494BA20436B2A0065F5AB /* GitUp */,
				350494B920436B2A0065F5AB /* Products */,
				B89AF6D73C89F550668B47E0 /* Pods */,
				4289D6E2C2B9D7E82EC8FD1B /* Frameworks */,
			);
			sourceTree = "<group>";
		};
		350494B920436B2A0065F5AB /* Products */ = {
			isa = PBXGroup;
			children = (
				350494B820436B2A0065F5AB /* GitUp.app */,
			);
			name = Products;
			sourceTree = "<group>";
		};
		350494BA20436B2A0065F5AB /* GitUp */ = {
			isa = PBXGroup;
			children = (
				35A7B60E20452D0F0088406E /* Model */,
				350494D120436B450065F5AB /* Controller */,
				350494D020436B3B0065F5AB /* UI */,
				350494BB20436B2A0065F5AB /* AppDelegate.swift */,
				350494C520436B2A0065F5AB /* Assets.xcassets */,
				350494CA20436B2A0065F5AB /* Info.plist */,
				350494C220436B2A0065F5AB /* GitUp.xcdatamodeld */,
			);
			path = GitUp;
			sourceTree = "<group>";
		};
		350494D020436B3B0065F5AB /* UI */ = {
			isa = PBXGroup;
			children = (
				350494C720436B2A0065F5AB /* LaunchScreen.storyboard */,
				350494BF20436B2A0065F5AB /* Main.storyboard */,
			);
			path = UI;
			sourceTree = "<group>";
		};
		350494D120436B450065F5AB /* Controller */ = {
			isa = PBXGroup;
			children = (
				35565140204B7F4C00C4C180 /* MainViewController.swift */,
				3524DB3220479909008944CD /* AddUserViewController.swift */,
				35ED6F8C204C990500348576 /* UserProfileController.swift */,
			);
			path = Controller;
			sourceTree = "<group>";
		};
		35A7B60E20452D0F0088406E /* Model */ = {
			isa = PBXGroup;
			children = (
				3524DB342047A05C008944CD /* UserTableViewCell.swift */,
				35A7B60C20452D010088406E /* SearchUserRequest.swift */,
				35A7B6102045352A0088406E /* Utility.swift */,
				35A7B6122045381B0088406E /* GitHubUser.swift */,
				35A8F768204B548E00C73745 /* FollowedUserCache.swift */,
			);
			path = Model;
			sourceTree = "<group>";
		};
		4289D6E2C2B9D7E82EC8FD1B /* Frameworks */ = {
			isa = PBXGroup;
			children = (
				5AEAA2A39FA0DAA8C685D39D /* Pods_GitUp.framework */,
			);
			name = Frameworks;
			sourceTree = "<group>";
		};
		B89AF6D73C89F550668B47E0 /* Pods */ = {
			isa = PBXGroup;
			children = (
				2465426481502E47DDE47645 /* Pods-GitUp.debug.xcconfig */,
				69DD8738B1A0CBE0B9BA55C4 /* Pods-GitUp.release.xcconfig */,
			);
			name = Pods;
			sourceTree = "<group>";
		};
/* End PBXGroup section */

/* Begin PBXNativeTarget section */
		350494B720436B2A0065F5AB /* GitUp */ = {
			isa = PBXNativeTarget;
			buildConfigurationList = 350494CD20436B2A0065F5AB /* Build configuration list for PBXNativeTarget "GitUp" */;
			buildPhases = (
				5EA2C022559B40DEAA386D5C /* [CP] Check Pods Manifest.lock */,
				350494B420436B2A0065F5AB /* Sources */,
				350494B520436B2A0065F5AB /* Frameworks */,
				350494B620436B2A0065F5AB /* Resources */,
				94B767A1A9BDF3E5DB2610C3 /* [CP] Embed Pods Frameworks */,
				E574C1A7F89FC344C4456C16 /* [CP] Copy Pods Resources */,
			);
			buildRules = (
			);
			dependencies = (
			);
			name = GitUp;
			productName = GitUp;
			productReference = 350494B820436B2A0065F5AB /* GitUp.app */;
			productType = "com.apple.product-type.application";
		};
/* End PBXNativeTarget section */

/* Begin PBXProject section */
		350494B020436B2A0065F5AB /* Project object */ = {
			isa = PBXProject;
			attributes = {
				LastSwiftUpdateCheck = 0910;
				LastUpgradeCheck = 0910;
				ORGANIZATIONNAME = "James Yoo";
				TargetAttributes = {
					350494B720436B2A0065F5AB = {
						CreatedOnToolsVersion = 9.1;
						ProvisioningStyle = Automatic;
					};
				};
			};
			buildConfigurationList = 350494B320436B2A0065F5AB /* Build configuration list for PBXProject "GitUp" */;
			compatibilityVersion = "Xcode 8.0";
			developmentRegion = en;
			hasScannedForEncodings = 0;
			knownRegions = (
				en,
				Base,
			);
			mainGroup = 350494AF20436B2A0065F5AB;
			productRefGroup = 350494B920436B2A0065F5AB /* Products */;
			projectDirPath = "";
			projectRoot = "";
			targets = (
				350494B720436B2A0065F5AB /* GitUp */,
			);
		};
/* End PBXProject section */

/* Begin PBXResourcesBuildPhase section */
		350494B620436B2A0065F5AB /* Resources */ = {
			isa = PBXResourcesBuildPhase;
			buildActionMask = 2147483647;
			files = (
				350494C920436B2A0065F5AB /* LaunchScreen.storyboard in Resources */,
				350494C620436B2A0065F5AB /* Assets.xcassets in Resources */,
				350494C120436B2A0065F5AB /* Main.storyboard in Resources */,
			);
			runOnlyForDeploymentPostprocessing = 0;
		};
/* End PBXResourcesBuildPhase section */

/* Begin PBXShellScriptBuildPhase section */
		5EA2C022559B40DEAA386D5C /* [CP] Check Pods Manifest.lock */ = {
			isa = PBXShellScriptBuildPhase;
			buildActionMask = 2147483647;
			files = (
			);
			inputPaths = (
				"${PODS_PODFILE_DIR_PATH}/Podfile.lock",
				"${PODS_ROOT}/Manifest.lock",
			);
			name = "[CP] Check Pods Manifest.lock";
			outputPaths = (
				"$(DERIVED_FILE_DIR)/Pods-GitUp-checkManifestLockResult.txt",
			);
			runOnlyForDeploymentPostprocessing = 0;
			shellPath = /bin/sh;
			shellScript = "diff \"${PODS_PODFILE_DIR_PATH}/Podfile.lock\" \"${PODS_ROOT}/Manifest.lock\" > /dev/null\nif [ $? != 0 ] ; then\n    # print error to STDERR\n    echo \"error: The sandbox is not in sync with the Podfile.lock. Run 'pod install' or update your CocoaPods installation.\" >&2\n    exit 1\nfi\n# This output is used by Xcode 'outputs' to avoid re-running this script phase.\necho \"SUCCESS\" > \"${SCRIPT_OUTPUT_FILE_0}\"\n";
			showEnvVarsInLog = 0;
		};
		94B767A1A9BDF3E5DB2610C3 /* [CP] Embed Pods Frameworks */ = {
			isa = PBXShellScriptBuildPhase;
			buildActionMask = 2147483647;
			files = (
			);
			inputPaths = (
				"${SRCROOT}/Pods/Target Support Files/Pods-GitUp/Pods-GitUp-frameworks.sh",
				"${BUILT_PRODUCTS_DIR}/Alamofire/Alamofire.framework",
				"${BUILT_PRODUCTS_DIR}/AlamofireImage/AlamofireImage.framework",
			);
			name = "[CP] Embed Pods Frameworks";
			outputPaths = (
				"${TARGET_BUILD_DIR}/${FRAMEWORKS_FOLDER_PATH}/Alamofire.framework",
				"${TARGET_BUILD_DIR}/${FRAMEWORKS_FOLDER_PATH}/AlamofireImage.framework",
			);
			runOnlyForDeploymentPostprocessing = 0;
			shellPath = /bin/sh;
			shellScript = "\"${SRCROOT}/Pods/Target Support Files/Pods-GitUp/Pods-GitUp-frameworks.sh\"\n";
			showEnvVarsInLog = 0;
		};
		E574C1A7F89FC344C4456C16 /* [CP] Copy Pods Resources */ = {
			isa = PBXShellScriptBuildPhase;
			buildActionMask = 2147483647;
			files = (
			);
			inputPaths = (
			);
			name = "[CP] Copy Pods Resources";
			outputPaths = (
			);
			runOnlyForDeploymentPostprocessing = 0;
			shellPath = /bin/sh;
			shellScript = "\"${SRCROOT}/Pods/Target Support Files/Pods-GitUp/Pods-GitUp-resources.sh\"\n";
			showEnvVarsInLog = 0;
		};
/* End PBXShellScriptBuildPhase section */

/* Begin PBXSourcesBuildPhase section */
		350494B420436B2A0065F5AB /* Sources */ = {
			isa = PBXSourcesBuildPhase;
			buildActionMask = 2147483647;
			files = (
				35A7B6112045352A0088406E /* Utility.swift in Sources */,
				35A8F769204B548E00C73745 /* FollowedUserCache.swift in Sources */,
				35A7B60D20452D010088406E /* SearchUserRequest.swift in Sources */,
				350494C420436B2A0065F5AB /* GitUp.xcdatamodeld in Sources */,
				3524DB352047A05C008944CD /* UserTableViewCell.swift in Sources */,
				3524DB3320479909008944CD /* AddUserViewController.swift in Sources */,
				35565141204B7F4C00C4C180 /* MainViewController.swift in Sources */,
				35A7B6132045381B0088406E /* GitHubUser.swift in Sources */,
				35ED6F8D204C990500348576 /* UserProfileController.swift in Sources */,
				350494BC20436B2A0065F5AB /* AppDelegate.swift in Sources */,
			);
			runOnlyForDeploymentPostprocessing = 0;
		};
/* End PBXSourcesBuildPhase section */

/* Begin PBXVariantGroup section */
		350494BF20436B2A0065F5AB /* Main.storyboard */ = {
			isa = PBXVariantGroup;
			children = (
				350494C020436B2A0065F5AB /* Base */,
			);
			name = Main.storyboard;
			sourceTree = "<group>";
		};
		350494C720436B2A0065F5AB /* LaunchScreen.storyboard */ = {
			isa = PBXVariantGroup;
			children = (
				350494C820436B2A0065F5AB /* Base */,
			);
			name = LaunchScreen.storyboard;
			sourceTree = "<group>";
		};
/* End PBXVariantGroup section */

/* Begin XCBuildConfiguration section */
		350494CB20436B2A0065F5AB /* Debug */ = {
			isa = XCBuildConfiguration;
			buildSettings = {
				ALWAYS_SEARCH_USER_PATHS = NO;
				CLANG_ANALYZER_NONNULL = YES;
				CLANG_ANALYZER_NUMBER_OBJECT_CONVERSION = YES_AGGRESSIVE;
				CLANG_CXX_LANGUAGE_STANDARD = "gnu++14";
				CLANG_CXX_LIBRARY = "libc++";
				CLANG_ENABLE_MODULES = YES;
				CLANG_ENABLE_OBJC_ARC = YES;
				CLANG_WARN_BLOCK_CAPTURE_AUTORELEASING = YES;
				CLANG_WARN_BOOL_CONVERSION = YES;
				CLANG_WARN_COMMA = YES;
				CLANG_WARN_CONSTANT_CONVERSION = YES;
				CLANG_WARN_DIRECT_OBJC_ISA_USAGE = YES_ERROR;
				CLANG_WARN_DOCUMENTATION_COMMENTS = YES;
				CLANG_WARN_EMPTY_BODY = YES;
				CLANG_WARN_ENUM_CONVERSION = YES;
				CLANG_WARN_INFINITE_RECURSION = YES;
				CLANG_WARN_INT_CONVERSION = YES;
				CLANG_WARN_NON_LITERAL_NULL_CONVERSION = YES;
				CLANG_WARN_OBJC_LITERAL_CONVERSION = YES;
				CLANG_WARN_OBJC_ROOT_CLASS = YES_ERROR;
				CLANG_WARN_RANGE_LOOP_ANALYSIS = YES;
				CLANG_WARN_STRICT_PROTOTYPES = YES;
				CLANG_WARN_SUSPICIOUS_MOVE = YES;
				CLANG_WARN_UNGUARDED_AVAILABILITY = YES_AGGRESSIVE;
				CLANG_WARN_UNREACHABLE_CODE = YES;
				CLANG_WARN__DUPLICATE_METHOD_MATCH = YES;
				CODE_SIGN_IDENTITY = "iPhone Developer";
				COPY_PHASE_STRIP = NO;
				DEBUG_INFORMATION_FORMAT = dwarf;
				ENABLE_STRICT_OBJC_MSGSEND = YES;
				ENABLE_TESTABILITY = YES;
				GCC_C_LANGUAGE_STANDARD = gnu11;
				GCC_DYNAMIC_NO_PIC = NO;
				GCC_NO_COMMON_BLOCKS = YES;
				GCC_OPTIMIZATION_LEVEL = 0;
				GCC_PREPROCESSOR_DEFINITIONS = (
					"DEBUG=1",
					"$(inherited)",
				);
				GCC_WARN_64_TO_32_BIT_CONVERSION = YES;
				GCC_WARN_ABOUT_RETURN_TYPE = YES_ERROR;
				GCC_WARN_UNDECLARED_SELECTOR = YES;
				GCC_WARN_UNINITIALIZED_AUTOS = YES_AGGRESSIVE;
				GCC_WARN_UNUSED_FUNCTION = YES;
				GCC_WARN_UNUSED_VARIABLE = YES;
				IPHONEOS_DEPLOYMENT_TARGET = 11.1;
				MTL_ENABLE_DEBUG_INFO = YES;
				ONLY_ACTIVE_ARCH = YES;
				SDKROOT = iphoneos;
				SWIFT_ACTIVE_COMPILATION_CONDITIONS = DEBUG;
				SWIFT_OPTIMIZATION_LEVEL = "-Onone";
			};
			name = Debug;
		};
		350494CC20436B2A0065F5AB /* Release */ = {
			isa = XCBuildConfiguration;
			buildSettings = {
				ALWAYS_SEARCH_USER_PATHS = NO;
				CLANG_ANALYZER_NONNULL = YES;
				CLANG_ANALYZER_NUMBER_OBJECT_CONVERSION = YES_AGGRESSIVE;
				CLANG_CXX_LANGUAGE_STANDARD = "gnu++14";
				CLANG_CXX_LIBRARY = "libc++";
				CLANG_ENABLE_MODULES = YES;
				CLANG_ENABLE_OBJC_ARC = YES;
				CLANG_WARN_BLOCK_CAPTURE_AUTORELEASING = YES;
				CLANG_WARN_BOOL_CONVERSION = YES;
				CLANG_WARN_COMMA = YES;
				CLANG_WARN_CONSTANT_CONVERSION = YES;
				CLANG_WARN_DIRECT_OBJC_ISA_USAGE = YES_ERROR;
				CLANG_WARN_DOCUMENTATION_COMMENTS = YES;
				CLANG_WARN_EMPTY_BODY = YES;
				CLANG_WARN_ENUM_CONVERSION = YES;
				CLANG_WARN_INFINITE_RECURSION = YES;
				CLANG_WARN_INT_CONVERSION = YES;
				CLANG_WARN_NON_LITERAL_NULL_CONVERSION = YES;
				CLANG_WARN_OBJC_LITERAL_CONVERSION = YES;
				CLANG_WARN_OBJC_ROOT_CLASS = YES_ERROR;
				CLANG_WARN_RANGE_LOOP_ANALYSIS = YES;
				CLANG_WARN_STRICT_PROTOTYPES = YES;
				CLANG_WARN_SUSPICIOUS_MOVE = YES;
				CLANG_WARN_UNGUARDED_AVAILABILITY = YES_AGGRESSIVE;
				CLANG_WARN_UNREACHABLE_CODE = YES;
				CLANG_WARN__DUPLICATE_METHOD_MATCH = YES;
				CODE_SIGN_IDENTITY = "iPhone Developer";
				COPY_PHASE_STRIP = NO;
				DEBUG_INFORMATION_FORMAT = "dwarf-with-dsym";
				ENABLE_NS_ASSERTIONS = NO;
				ENABLE_STRICT_OBJC_MSGSEND = YES;
				GCC_C_LANGUAGE_STANDARD = gnu11;
				GCC_NO_COMMON_BLOCKS = YES;
				GCC_WARN_64_TO_32_BIT_CONVERSION = YES;
				GCC_WARN_ABOUT_RETURN_TYPE = YES_ERROR;
				GCC_WARN_UNDECLARED_SELECTOR = YES;
				GCC_WARN_UNINITIALIZED_AUTOS = YES_AGGRESSIVE;
				GCC_WARN_UNUSED_FUNCTION = YES;
				GCC_WARN_UNUSED_VARIABLE = YES;
				IPHONEOS_DEPLOYMENT_TARGET = 11.1;
				MTL_ENABLE_DEBUG_INFO = NO;
				SDKROOT = iphoneos;
				SWIFT_OPTIMIZATION_LEVEL = "-Owholemodule";
				VALIDATE_PRODUCT = YES;
			};
			name = Release;
		};
		350494CE20436B2A0065F5AB /* Debug */ = {
			isa = XCBuildConfiguration;
			baseConfigurationReference = 2465426481502E47DDE47645 /* Pods-GitUp.debug.xcconfig */;
			buildSettings = {
				ASSETCATALOG_COMPILER_APPICON_NAME = AppIcon;
				CODE_SIGN_STYLE = Automatic;
				INFOPLIST_FILE = GitUp/Info.plist;
				LD_RUNPATH_SEARCH_PATHS = "$(inherited) @executable_path/Frameworks";
				PRODUCT_BUNDLE_IDENTIFIER = com.jyoo980.GitUp;
				PRODUCT_NAME = "$(TARGET_NAME)";
				SWIFT_VERSION = 4.0;
				TARGETED_DEVICE_FAMILY = "1,2";
			};
			name = Debug;
		};
		350494CF20436B2A0065F5AB /* Release */ = {
			isa = XCBuildConfiguration;
			baseConfigurationReference = 69DD8738B1A0CBE0B9BA55C4 /* Pods-GitUp.release.xcconfig */;
			buildSettings = {
				ASSETCATALOG_COMPILER_APPICON_NAME = AppIcon;
				CODE_SIGN_STYLE = Automatic;
				INFOPLIST_FILE = GitUp/Info.plist;
				LD_RUNPATH_SEARCH_PATHS = "$(inherited) @executable_path/Frameworks";
				PRODUCT_BUNDLE_IDENTIFIER = com.jyoo980.GitUp;
				PRODUCT_NAME = "$(TARGET_NAME)";
				SWIFT_VERSION = 4.0;
				TARGETED_DEVICE_FAMILY = "1,2";
			};
			name = Release;
		};
/* End XCBuildConfiguration section */

/* Begin XCConfigurationList section */
		350494B320436B2A0065F5AB /* Build configuration list for PBXProject "GitUp" */ = {
			isa = XCConfigurationList;
			buildConfigurations = (
				350494CB20436B2A0065F5AB /* Debug */,
				350494CC20436B2A0065F5AB /* Release */,
			);
			defaultConfigurationIsVisible = 0;
			defaultConfigurationName = Release;
		};
		350494CD20436B2A0065F5AB /* Build configuration list for PBXNativeTarget "GitUp" */ = {
			isa = XCConfigurationList;
			buildConfigurations = (
				350494CE20436B2A0065F5AB /* Debug */,
				350494CF20436B2A0065F5AB /* Release */,
			);
			defaultConfigurationIsVisible = 0;
			defaultConfigurationName = Release;
		};
/* End XCConfigurationList section */

/* Begin XCVersionGroup section */
		350494C220436B2A0065F5AB /* GitUp.xcdatamodeld */ = {
			isa = XCVersionGroup;
			children = (
				350494C320436B2A0065F5AB /* GitUp.xcdatamodel */,
			);
			currentVersion = 350494C320436B2A0065F5AB /* GitUp.xcdatamodel */;
			path = GitUp.xcdatamodeld;
			sourceTree = "<group>";
			versionGroupType = wrapper.xcdatamodel;
		};
/* End XCVersionGroup section */
	};
	rootObject = 350494B020436B2A0065F5AB /* Project object */;
}
